<?xml version="1.0" encoding="utf-8"?>
<Project ToolsVersion="4.0" xmlns="http://schemas.microsoft.com/developer/msbuild/2003">
  <ItemGroup>
    <Filter Include="Source Files">
      <UniqueIdentifier>{4FC737F1-C7A5-4376-A066-2A32D752A2FF}</UniqueIdentifier>
      <Extensions>cpp;c;cc;cxx;c++;cppm;ixx;def;odl;idl;hpj;bat;asm;asmx</Extensions>
    </Filter>
    <Filter Include="Header Files">
      <UniqueIdentifier>{93995380-89BD-4b04-88EB-625FBE52EBFB}</UniqueIdentifier>
      <Extensions>h;hh;hpp;hxx;h++;hm;inl;inc;ipp;xsd</Extensions>
    </Filter>
    <Filter Include="Resource Files">
      <UniqueIdentifier>{67DA6AB6-F800-4c08-8B7A-83BB121AAD01}</UniqueIdentifier>
      <Extensions>rc;ico;cur;bmp;dlg;rc2;rct;bin;rgs;gif;jpg;jpeg;jpe;resx;tiff;tif;png;wav;mfcribbon-ms</Extensions>
    </Filter>
  </ItemGroup>
  <ItemGroup>
    <ClCompile Include="source\color\color.cpp">
      <Filter>Source Files</Filter>
    </ClCompile>
    <ClCompile Include="source\color\image.cpp">
      <Filter>Source Files</Filter>
    </ClCompile>
    <ClCompile Include="source\geometry\plane.cpp">
      <Filter>Source Files</Filter>
    </ClCompile>
    <ClCompile Include="source\geometry\ray.cpp">
      <Filter>Source Files</Filter>
    </ClCompile>
    <ClCompile Include="source\geometry\sphere.cpp">
      <Filter>Source Files</Filter>
    </ClCompile>
    <ClCompile Include="source\geometry\triangle.cpp">
      <Filter>Source Files</Filter>
    </ClCompile>
    <ClCompile Include="source\geometry\vertex.cpp">
      <Filter>Source Files</Filter>
    </ClCompile>
    <ClCompile Include="source\gpu\buffer\buffer.cpp">
      <Filter>Source Files</Filter>
    </ClCompile>
    <ClCompile Include="source\gpu\buffer\cbuffer.cpp">
      <Filter>Source Files</Filter>
    </ClCompile>
    <ClCompile Include="source\gpu\states\dstate.cpp">
      <Filter>Source Files</Filter>
    </ClCompile>
    <ClCompile Include="source\gpu\states\rstate.cpp">
      <Filter>Source Files</Filter>
    </ClCompile>
    <ClCompile Include="source\gpu\states\sstate.cpp">
      <Filter>Source Files</Filter>
    </ClCompile>
    <ClCompile Include="source\gpu\utility\shaders.cpp">
      <Filter>Source Files</Filter>
    </ClCompile>
    <ClCompile Include="source\gpu\utility\texture.cpp">
      <Filter>Source Files</Filter>
    </ClCompile>
    <ClCompile Include="source\gpu\utility\vbuffer.cpp">
      <Filter>Source Files</Filter>
    </ClCompile>
    <ClCompile Include="source\gpu\views\dview.cpp">
      <Filter>Source Files</Filter>
    </ClCompile>
    <ClCompile Include="source\gpu\views\sview.cpp">
      <Filter>Source Files</Filter>
    </ClCompile>
    <ClCompile Include="source\gpu\views\tview.cpp">
      <Filter>Source Files</Filter>
    </ClCompile>
    <ClCompile Include="source\gpu\gpu.cpp">
      <Filter>Source Files</Filter>
    </ClCompile>
    <ClCompile Include="source\light\ambient.cpp">
      <Filter>Source Files</Filter>
    </ClCompile>
    <ClCompile Include="source\light\direct.cpp">
      <Filter>Source Files</Filter>
    </ClCompile>
    <ClCompile Include="source\math\float2.cpp">
      <Filter>Source Files</Filter>
    </ClCompile>
    <ClCompile Include="source\math\float3.cpp">
      <Filter>Source Files</Filter>
    </ClCompile>
    <ClCompile Include="source\math\float4.cpp">
      <Filter>Source Files</Filter>
    </ClCompile>
    <ClCompile Include="source\math\int2.cpp">
      <Filter>Source Files</Filter>
    </ClCompile>
    <ClCompile Include="source\math\int3.cpp">
      <Filter>Source Files</Filter>
    </ClCompile>
    <ClCompile Include="source\math\int4.cpp">
      <Filter>Source Files</Filter>
    </ClCompile>
    <ClCompile Include="source\math\mat3.cpp">
      <Filter>Source Files</Filter>
    </ClCompile>
    <ClCompile Include="source\math\mat4.cpp">
      <Filter>Source Files</Filter>
    </ClCompile>
    <ClCompile Include="source\math\math.cpp">
      <Filter>Source Files</Filter>
    </ClCompile>
    <ClCompile Include="source\utility\console.cpp">
      <Filter>Source Files</Filter>
    </ClCompile>
    <ClCompile Include="source\utility\convert.cpp">
      <Filter>Source Files</Filter>
    </ClCompile>
    <ClCompile Include="source\utility\file.cpp">
      <Filter>Source Files</Filter>
    </ClCompile>
    <ClCompile Include="source\utility\random.cpp">
      <Filter>Source Files</Filter>
    </ClCompile>
    <ClCompile Include="source\utility\socket.cpp">
      <Filter>Source Files</Filter>
    </ClCompile>
    <ClCompile Include="source\utility\thread.cpp">
      <Filter>Source Files</Filter>
    </ClCompile>
    <ClCompile Include="source\utility\time.cpp">
      <Filter>Source Files</Filter>
    </ClCompile>
    <ClCompile Include="source\utility\web.cpp">
      <Filter>Source Files</Filter>
    </ClCompile>
    <ClCompile Include="source\view\camera.cpp">
      <Filter>Source Files</Filter>
    </ClCompile>
    <ClCompile Include="source\view\skybox.cpp">
      <Filter>Source Files</Filter>
    </ClCompile>
    <ClCompile Include="source\window\key.cpp">
      <Filter>Source Files</Filter>
    </ClCompile>
    <ClCompile Include="source\window\keys.cpp">
      <Filter>Source Files</Filter>
    </ClCompile>
    <ClCompile Include="source\window\mouse.cpp">
      <Filter>Source Files</Filter>
    </ClCompile>
    <ClCompile Include="source\window\window.cpp">
      <Filter>Source Files</Filter>
    </ClCompile>
    <ClCompile Include="examples\Interpolation.cpp">
      <Filter>Source Files</Filter>
    </ClCompile>
  </ItemGroup>
  <ItemGroup>
    <ClInclude Include="source\color\color.h">
      <Filter>Header Files</Filter>
    </ClInclude>
    <ClInclude Include="source\color\image.h">
      <Filter>Header Files</Filter>
    </ClInclude>
    <ClInclude Include="source\geometry\plane.h">
      <Filter>Header Files</Filter>
    </ClInclude>
    <ClInclude Include="source\geometry\ray.h">
      <Filter>Header Files</Filter>
    </ClInclude>
    <ClInclude Include="source\geometry\sphere.h">
      <Filter>Header Files</Filter>
    </ClInclude>
    <ClInclude Include="source\geometry\triangle.h">
      <Filter>Header Files</Filter>
    </ClInclude>
    <ClInclude Include="source\geometry\vertex.h">
      <Filter>Header Files</Filter>
    </ClInclude>
    <ClInclude Include="source\gpu\gpu.h">
      <Filter>Header Files</Filter>
    </ClInclude>
    <ClInclude Include="source\light\ambient.h">
      <Filter>Header Files</Filter>
    </ClInclude>
    <ClInclude Include="source\light\direct.h">
      <Filter>Header Files</Filter>
    </ClInclude>
    <ClInclude Include="source\math\float2.h">
      <Filter>Header Files</Filter>
    </ClInclude>
    <ClInclude Include="source\math\float3.h">
      <Filter>Header Files</Filter>
    </ClInclude>
    <ClInclude Include="source\math\float4.h">
      <Filter>Header Files</Filter>
    </ClInclude>
    <ClInclude Include="source\math\int2.h">
      <Filter>Header Files</Filter>
    </ClInclude>
    <ClInclude Include="source\math\int3.h">
      <Filter>Header Files</Filter>
    </ClInclude>
    <ClInclude Include="source\math\int4.h">
      <Filter>Header Files</Filter>
    </ClInclude>
    <ClInclude Include="source\math\mat3.h">
      <Filter>Header Files</Filter>
    </ClInclude>
    <ClInclude Include="source\math\mat4.h">
      <Filter>Header Files</Filter>
    </ClInclude>
    <ClInclude Include="source\math\math.h">
      <Filter>Header Files</Filter>
    </ClInclude>
    <ClInclude Include="source\memory\pbuffer.h">
      <Filter>Header Files</Filter>
    </ClInclude>
    <ClInclude Include="source\utility\console.h">
      <Filter>Header Files</Filter>
    </ClInclude>
    <ClInclude Include="source\utility\convert.h">
      <Filter>Header Files</Filter>
    </ClInclude>
    <ClInclude Include="source\utility\file.h">
      <Filter>Header Files</Filter>
    </ClInclude>
    <ClInclude Include="source\utility\random.h">
      <Filter>Header Files</Filter>
    </ClInclude>
    <ClInclude Include="source\utility\socket.h">
      <Filter>Header Files</Filter>
    </ClInclude>
    <ClInclude Include="source\utility\thread.h">
      <Filter>Header Files</Filter>
    </ClInclude>
    <ClInclude Include="source\utility\time.h">
      <Filter>Header Files</Filter>
    </ClInclude>
    <ClInclude Include="source\utility\web.h">
      <Filter>Header Files</Filter>
    </ClInclude>
    <ClInclude Include="source\view\camera.h">
      <Filter>Header Files</Filter>
    </ClInclude>
    <ClInclude Include="source\view\skybox.h">
      <Filter>Header Files</Filter>
    </ClInclude>
    <ClInclude Include="source\window\key.h">
      <Filter>Header Files</Filter>
    </ClInclude>
    <ClInclude Include="source\window\keys.h">
      <Filter>Header Files</Filter>
    </ClInclude>
    <ClInclude Include="source\window\mouse.h">
      <Filter>Header Files</Filter>
    </ClInclude>
    <ClInclude Include="source\window\window.h">
      <Filter>Header Files</Filter>
    </ClInclude>
    <ClInclude Include="source\KrimzLib.h">
      <Filter>Header Files</Filter>
    </ClInclude>
  </ItemGroup>
</Project>