<?xml version="1.0" encoding="utf-8"?>
<Project ToolsVersion="4.0" xmlns="http://schemas.microsoft.com/developer/msbuild/2003">
  <ItemGroup>
    <Filter Include="Source Files">
      <UniqueIdentifier>{4FC737F1-C7A5-4376-A066-2A32D752A2FF}</UniqueIdentifier>
      <Extensions>cpp;c;cc;cxx;c++;cppm;ixx;def;odl;idl;hpj;bat;asm;asmx</Extensions>
    </Filter>
    <Filter Include="Header Files">
      <UniqueIdentifier>{93995380-89BD-4b04-88EB-625FBE52EBFB}</UniqueIdentifier>
      <Extensions>h;hh;hpp;hxx;h++;hm;inl;inc;ipp;xsd</Extensions>
    </Filter>
    <Filter Include="Resource Files">
      <UniqueIdentifier>{67DA6AB6-F800-4c08-8B7A-83BB121AAD01}</UniqueIdentifier>
      <Extensions>rc;ico;cur;bmp;dlg;rc2;rct;bin;rgs;gif;jpg;jpeg;jpe;resx;tiff;tif;png;wav;mfcribbon-ms</Extensions>
    </Filter>
  </ItemGroup>
  <ItemGroup>
    <ClCompile Include="src\KrimzLib\dx\cbuffer.cpp">
      <Filter>Source Files</Filter>
    </ClCompile>
    <ClCompile Include="src\KrimzLib\dx\fbuffer.cpp">
      <Filter>Source Files</Filter>
    </ClCompile>
    <ClCompile Include="src\KrimzLib\dx\gpu.cpp">
      <Filter>Source Files</Filter>
    </ClCompile>
    <ClCompile Include="src\KrimzLib\dx\mesh.cpp">
      <Filter>Source Files</Filter>
    </ClCompile>
    <ClCompile Include="src\KrimzLib\dx\raster.cpp">
      <Filter>Source Files</Filter>
    </ClCompile>
    <ClCompile Include="src\KrimzLib\dx\sampler.cpp">
      <Filter>Source Files</Filter>
    </ClCompile>
    <ClCompile Include="src\KrimzLib\dx\shaders.cpp">
      <Filter>Source Files</Filter>
    </ClCompile>
    <ClCompile Include="src\KrimzLib\dx\texture.cpp">
      <Filter>Source Files</Filter>
    </ClCompile>
    <ClCompile Include="src\KrimzLib\entity\entity.cpp">
      <Filter>Source Files</Filter>
    </ClCompile>
    <ClCompile Include="src\KrimzLib\geometry\triangle.cpp">
      <Filter>Source Files</Filter>
    </ClCompile>
    <ClCompile Include="src\KrimzLib\geometry\vertex.cpp">
      <Filter>Source Files</Filter>
    </ClCompile>
    <ClCompile Include="src\KrimzLib\graphics\color.cpp">
      <Filter>Source Files</Filter>
    </ClCompile>
    <ClCompile Include="src\KrimzLib\graphics\image.cpp">
      <Filter>Source Files</Filter>
    </ClCompile>
    <ClCompile Include="src\KrimzLib\light\ambient.cpp">
      <Filter>Source Files</Filter>
    </ClCompile>
    <ClCompile Include="src\KrimzLib\light\direct.cpp">
      <Filter>Source Files</Filter>
    </ClCompile>
    <ClCompile Include="src\KrimzLib\renderer\camera.cpp">
      <Filter>Source Files</Filter>
    </ClCompile>
    <ClCompile Include="src\KrimzLib\renderer\renderer.cpp">
      <Filter>Source Files</Filter>
    </ClCompile>
    <ClCompile Include="src\KrimzLib\renderer\skybox.cpp">
      <Filter>Source Files</Filter>
    </ClCompile>
    <ClCompile Include="src\KrimzLib\vecmath\ivec2.cpp">
      <Filter>Source Files</Filter>
    </ClCompile>
    <ClCompile Include="src\KrimzLib\vecmath\mat3.cpp">
      <Filter>Source Files</Filter>
    </ClCompile>
    <ClCompile Include="src\KrimzLib\vecmath\mat4.cpp">
      <Filter>Source Files</Filter>
    </ClCompile>
    <ClCompile Include="src\KrimzLib\vecmath\vec2.cpp">
      <Filter>Source Files</Filter>
    </ClCompile>
    <ClCompile Include="src\KrimzLib\vecmath\vec3.cpp">
      <Filter>Source Files</Filter>
    </ClCompile>
    <ClCompile Include="src\KrimzLib\vecmath\vec4.cpp">
      <Filter>Source Files</Filter>
    </ClCompile>
    <ClCompile Include="src\KrimzLib\window\keys.cpp">
      <Filter>Source Files</Filter>
    </ClCompile>
    <ClCompile Include="src\KrimzLib\window\mouse.cpp">
      <Filter>Source Files</Filter>
    </ClCompile>
    <ClCompile Include="src\KrimzLib\window\window.cpp">
      <Filter>Source Files</Filter>
    </ClCompile>
    <ClCompile Include="src\KrimzLib\console.cpp">
      <Filter>Source Files</Filter>
    </ClCompile>
    <ClCompile Include="src\KrimzLib\convert.cpp">
      <Filter>Source Files</Filter>
    </ClCompile>
    <ClCompile Include="src\KrimzLib\file.cpp">
      <Filter>Source Files</Filter>
    </ClCompile>
    <ClCompile Include="src\KrimzLib\math.cpp">
      <Filter>Source Files</Filter>
    </ClCompile>
    <ClCompile Include="src\KrimzLib\random.cpp">
      <Filter>Source Files</Filter>
    </ClCompile>
    <ClCompile Include="src\KrimzLib\time.cpp">
      <Filter>Source Files</Filter>
    </ClCompile>
    <ClCompile Include="src\KrimzLib\web.cpp">
      <Filter>Source Files</Filter>
    </ClCompile>
    <ClCompile Include="src\ImGui\imgui.cpp">
      <Filter>Source Files</Filter>
    </ClCompile>
    <ClCompile Include="src\ImGui\imgui_demo.cpp">
      <Filter>Source Files</Filter>
    </ClCompile>
    <ClCompile Include="src\ImGui\imgui_draw.cpp">
      <Filter>Source Files</Filter>
    </ClCompile>
    <ClCompile Include="src\ImGui\imgui_impl_dx11.cpp">
      <Filter>Source Files</Filter>
    </ClCompile>
    <ClCompile Include="src\ImGui\imgui_impl_win32.cpp">
      <Filter>Source Files</Filter>
    </ClCompile>
    <ClCompile Include="src\ImGui\imgui_tables.cpp">
      <Filter>Source Files</Filter>
    </ClCompile>
    <ClCompile Include="src\ImGui\imgui_widgets.cpp">
      <Filter>Source Files</Filter>
    </ClCompile>
    <ClCompile Include="src\KrimzLib\dx\dbuffer.cpp">
      <Filter>Source Files</Filter>
    </ClCompile>
    <ClCompile Include="src\KrimzLib\dx\ibuffer.cpp">
      <Filter>Source Files</Filter>
    </ClCompile>
    <ClCompile Include="src\KrimzLib\igui\igui.cpp">
      <Filter>Source Files</Filter>
    </ClCompile>
    <ClCompile Include="test\TimesTable.cpp">
      <Filter>Source Files</Filter>
    </ClCompile>
  </ItemGroup>
  <ItemGroup>
    <ClInclude Include="incl\KrimzLib\dx\cbuffer.h">
      <Filter>Header Files</Filter>
    </ClInclude>
    <ClInclude Include="incl\KrimzLib\dx\fbuffer.h">
      <Filter>Header Files</Filter>
    </ClInclude>
    <ClInclude Include="incl\KrimzLib\dx\gpu.h">
      <Filter>Header Files</Filter>
    </ClInclude>
    <ClInclude Include="incl\KrimzLib\dx\mesh.h">
      <Filter>Header Files</Filter>
    </ClInclude>
    <ClInclude Include="incl\KrimzLib\dx\raster.h">
      <Filter>Header Files</Filter>
    </ClInclude>
    <ClInclude Include="incl\KrimzLib\dx\sampler.h">
      <Filter>Header Files</Filter>
    </ClInclude>
    <ClInclude Include="incl\KrimzLib\dx\shaders.h">
      <Filter>Header Files</Filter>
    </ClInclude>
    <ClInclude Include="incl\KrimzLib\dx\texture.h">
      <Filter>Header Files</Filter>
    </ClInclude>
    <ClInclude Include="incl\KrimzLib\entity\entity.h">
      <Filter>Header Files</Filter>
    </ClInclude>
    <ClInclude Include="incl\KrimzLib\geometry\triangle.h">
      <Filter>Header Files</Filter>
    </ClInclude>
    <ClInclude Include="incl\KrimzLib\geometry\vertex.h">
      <Filter>Header Files</Filter>
    </ClInclude>
    <ClInclude Include="incl\KrimzLib\graphics\color.h">
      <Filter>Header Files</Filter>
    </ClInclude>
    <ClInclude Include="incl\KrimzLib\graphics\image.h">
      <Filter>Header Files</Filter>
    </ClInclude>
    <ClInclude Include="incl\KrimzLib\light\ambient.h">
      <Filter>Header Files</Filter>
    </ClInclude>
    <ClInclude Include="incl\KrimzLib\light\direct.h">
      <Filter>Header Files</Filter>
    </ClInclude>
    <ClInclude Include="incl\KrimzLib\memory\pbuffer.h">
      <Filter>Header Files</Filter>
    </ClInclude>
    <ClInclude Include="incl\KrimzLib\renderer\camera.h">
      <Filter>Header Files</Filter>
    </ClInclude>
    <ClInclude Include="incl\KrimzLib\renderer\renderer.h">
      <Filter>Header Files</Filter>
    </ClInclude>
    <ClInclude Include="incl\KrimzLib\renderer\skybox.h">
      <Filter>Header Files</Filter>
    </ClInclude>
    <ClInclude Include="incl\KrimzLib\vecmath\ivec2.h">
      <Filter>Header Files</Filter>
    </ClInclude>
    <ClInclude Include="incl\KrimzLib\vecmath\mat3.h">
      <Filter>Header Files</Filter>
    </ClInclude>
    <ClInclude Include="incl\KrimzLib\vecmath\mat4.h">
      <Filter>Header Files</Filter>
    </ClInclude>
    <ClInclude Include="incl\KrimzLib\vecmath\vec2.h">
      <Filter>Header Files</Filter>
    </ClInclude>
    <ClInclude Include="incl\KrimzLib\vecmath\vec3.h">
      <Filter>Header Files</Filter>
    </ClInclude>
    <ClInclude Include="incl\KrimzLib\vecmath\vec4.h">
      <Filter>Header Files</Filter>
    </ClInclude>
    <ClInclude Include="incl\KrimzLib\window\keys.h">
      <Filter>Header Files</Filter>
    </ClInclude>
    <ClInclude Include="incl\KrimzLib\window\mouse.h">
      <Filter>Header Files</Filter>
    </ClInclude>
    <ClInclude Include="incl\KrimzLib\window\window.h">
      <Filter>Header Files</Filter>
    </ClInclude>
    <ClInclude Include="incl\KrimzLib\console.h">
      <Filter>Header Files</Filter>
    </ClInclude>
    <ClInclude Include="incl\KrimzLib\convert.h">
      <Filter>Header Files</Filter>
    </ClInclude>
    <ClInclude Include="incl\KrimzLib\file.h">
      <Filter>Header Files</Filter>
    </ClInclude>
    <ClInclude Include="incl\KrimzLib\KrimzLib.hpp">
      <Filter>Header Files</Filter>
    </ClInclude>
    <ClInclude Include="incl\KrimzLib\math.h">
      <Filter>Header Files</Filter>
    </ClInclude>
    <ClInclude Include="incl\KrimzLib\random.h">
      <Filter>Header Files</Filter>
    </ClInclude>
    <ClInclude Include="incl\KrimzLib\time.h">
      <Filter>Header Files</Filter>
    </ClInclude>
    <ClInclude Include="incl\KrimzLib\web.h">
      <Filter>Header Files</Filter>
    </ClInclude>
    <ClInclude Include="incl\ImGui\imconfig.h">
      <Filter>Header Files</Filter>
    </ClInclude>
    <ClInclude Include="incl\ImGui\imgui.h">
      <Filter>Header Files</Filter>
    </ClInclude>
    <ClInclude Include="incl\ImGui\imgui_impl_dx11.h">
      <Filter>Header Files</Filter>
    </ClInclude>
    <ClInclude Include="incl\ImGui\imgui_impl_win32.h">
      <Filter>Header Files</Filter>
    </ClInclude>
    <ClInclude Include="incl\ImGui\imgui_internal.h">
      <Filter>Header Files</Filter>
    </ClInclude>
    <ClInclude Include="incl\ImGui\imstb_rectpack.h">
      <Filter>Header Files</Filter>
    </ClInclude>
    <ClInclude Include="incl\ImGui\imstb_textedit.h">
      <Filter>Header Files</Filter>
    </ClInclude>
    <ClInclude Include="incl\ImGui\imstb_truetype.h">
      <Filter>Header Files</Filter>
    </ClInclude>
    <ClInclude Include="incl\KrimzLib\dx\dbuffer.h">
      <Filter>Header Files</Filter>
    </ClInclude>
    <ClInclude Include="incl\KrimzLib\dx\ibuffer.h">
      <Filter>Header Files</Filter>
    </ClInclude>
    <ClInclude Include="incl\KrimzLib\igui\igui.h">
      <Filter>Header Files</Filter>
    </ClInclude>
  </ItemGroup>
</Project>