<?xml version="1.0" encoding="utf-8"?>
<Project ToolsVersion="4.0" xmlns="http://schemas.microsoft.com/developer/msbuild/2003">
  <ItemGroup>
    <Filter Include="Source Files">
      <UniqueIdentifier>{4FC737F1-C7A5-4376-A066-2A32D752A2FF}</UniqueIdentifier>
      <Extensions>cpp;c;cc;cxx;c++;cppm;ixx;def;odl;idl;hpj;bat;asm;asmx</Extensions>
    </Filter>
    <Filter Include="Header Files">
      <UniqueIdentifier>{93995380-89BD-4b04-88EB-625FBE52EBFB}</UniqueIdentifier>
      <Extensions>h;hh;hpp;hxx;h++;hm;inl;inc;ipp;xsd</Extensions>
    </Filter>
    <Filter Include="Resource Files">
      <UniqueIdentifier>{67DA6AB6-F800-4c08-8B7A-83BB121AAD01}</UniqueIdentifier>
      <Extensions>rc;ico;cur;bmp;dlg;rc2;rct;bin;rgs;gif;jpg;jpeg;jpe;resx;tiff;tif;png;wav;mfcribbon-ms</Extensions>
    </Filter>
  </ItemGroup>
  <ItemGroup>
    <ClInclude Include="incl\KrimzLib\renderer3D\renderer3D.h">
      <Filter>Header Files</Filter>
    </ClInclude>
    <ClInclude Include="incl\KrimzLib\window\mouse.h">
      <Filter>Header Files</Filter>
    </ClInclude>
    <ClInclude Include="incl\KrimzLib\window\window.h">
      <Filter>Header Files</Filter>
    </ClInclude>
    <ClInclude Include="incl\KrimzLib\gl\shaders.h">
      <Filter>Header Files</Filter>
    </ClInclude>
    <ClInclude Include="incl\KrimzLib\vecmath\vec2.h">
      <Filter>Header Files</Filter>
    </ClInclude>
    <ClInclude Include="incl\KrimzLib\vecmath\vec3.h">
      <Filter>Header Files</Filter>
    </ClInclude>
    <ClInclude Include="incl\KrimzLib\renderer3D\vertex3D.h">
      <Filter>Header Files</Filter>
    </ClInclude>
    <ClInclude Include="incl\KrimzLib\graphics\color.h">
      <Filter>Header Files</Filter>
    </ClInclude>
    <ClInclude Include="incl\KrimzLib\graphics\image.h">
      <Filter>Header Files</Filter>
    </ClInclude>
    <ClInclude Include="incl\KrimzLib\console.h">
      <Filter>Header Files</Filter>
    </ClInclude>
    <ClInclude Include="incl\KrimzLib\convert.h">
      <Filter>Header Files</Filter>
    </ClInclude>
    <ClInclude Include="incl\KrimzLib\file.h">
      <Filter>Header Files</Filter>
    </ClInclude>
    <ClInclude Include="incl\KrimzLib\math.h">
      <Filter>Header Files</Filter>
    </ClInclude>
    <ClInclude Include="incl\KrimzLib\gl\gl.h">
      <Filter>Header Files</Filter>
    </ClInclude>
    <ClInclude Include="incl\KrimzLib\random.h">
      <Filter>Header Files</Filter>
    </ClInclude>
    <ClInclude Include="incl\KrimzLib\time.h">
      <Filter>Header Files</Filter>
    </ClInclude>
    <ClInclude Include="incl\KrimzLib\web.h">
      <Filter>Header Files</Filter>
    </ClInclude>
    <ClInclude Include="incl\KrimzLib.hpp">
      <Filter>Header Files</Filter>
    </ClInclude>
    <ClInclude Include="incl\GL\eglew.h">
      <Filter>Header Files</Filter>
    </ClInclude>
    <ClInclude Include="incl\GL\freeglut.h">
      <Filter>Header Files</Filter>
    </ClInclude>
    <ClInclude Include="incl\GL\freeglut_ext.h">
      <Filter>Header Files</Filter>
    </ClInclude>
    <ClInclude Include="incl\GL\freeglut_std.h">
      <Filter>Header Files</Filter>
    </ClInclude>
    <ClInclude Include="incl\GL\freeglut_ucall.h">
      <Filter>Header Files</Filter>
    </ClInclude>
    <ClInclude Include="incl\GL\glew.h">
      <Filter>Header Files</Filter>
    </ClInclude>
    <ClInclude Include="incl\GL\glut.h">
      <Filter>Header Files</Filter>
    </ClInclude>
    <ClInclude Include="incl\GL\glxew.h">
      <Filter>Header Files</Filter>
    </ClInclude>
    <ClInclude Include="incl\GL\wglew.h">
      <Filter>Header Files</Filter>
    </ClInclude>
    <ClInclude Include="incl\KrimzLib\vecmath\vec4.h">
      <Filter>Header Files</Filter>
    </ClInclude>
    <ClInclude Include="incl\KrimzLib\vecmath\mat4.h">
      <Filter>Header Files</Filter>
    </ClInclude>
    <ClInclude Include="incl\KrimzLib\gl\texture.h">
      <Filter>Header Files</Filter>
    </ClInclude>
    <ClInclude Include="incl\KrimzLib\window\keys.h">
      <Filter>Header Files</Filter>
    </ClInclude>
    <ClInclude Include="incl\KrimzLib\vecmath\triangle.h">
      <Filter>Header Files</Filter>
    </ClInclude>
    <ClInclude Include="incl\KrimzLib\gl\mesh.h">
      <Filter>Header Files</Filter>
    </ClInclude>
    <ClInclude Include="incl\KrimzLib\gl\uniform.h">
      <Filter>Header Files</Filter>
    </ClInclude>
    <ClInclude Include="incl\KrimzLib\renderer3D\skybox.h">
      <Filter>Header Files</Filter>
    </ClInclude>
    <ClInclude Include="incl\KrimzLib\renderer3D\light\ambient.h">
      <Filter>Header Files</Filter>
    </ClInclude>
    <ClInclude Include="incl\KrimzLib\renderer3D\light\direct.h">
      <Filter>Header Files</Filter>
    </ClInclude>
    <ClInclude Include="incl\KrimzLib\gl\glad.h">
      <Filter>Header Files</Filter>
    </ClInclude>
    <ClInclude Include="incl\KrimzLib\vecmath\ivec2.h">
      <Filter>Header Files</Filter>
    </ClInclude>
    <ClInclude Include="incl\KrimzLib\renderer3D\camera.h">
      <Filter>Header Files</Filter>
    </ClInclude>
    <ClInclude Include="incl\KrimzLib\renderer3D\object3D.h">
      <Filter>Header Files</Filter>
    </ClInclude>
    <ClInclude Include="incl\KrimzLib\renderer2D\object2D.h">
      <Filter>Header Files</Filter>
    </ClInclude>
    <ClInclude Include="incl\KrimzLib\renderer2D\renderer2D.h">
      <Filter>Header Files</Filter>
    </ClInclude>
    <ClInclude Include="incl\KrimzLib\vecmath\mat3.h">
      <Filter>Header Files</Filter>
    </ClInclude>
    <ClInclude Include="incl\KrimzLib\renderer2D\vertex2D.h">
      <Filter>Header Files</Filter>
    </ClInclude>
    <ClInclude Include="incl\KrimzLib\dx\gpu.h">
      <Filter>Header Files</Filter>
    </ClInclude>
  </ItemGroup>
  <ItemGroup>
    <None Include="res\shaders\basic.vs" />
    <None Include="res\shaders\basic.fs" />
    <None Include="res\shaders\renderer3D.glsl" />
    <None Include="res\shaders\mandelbrot.glsl" />
    <None Include="res\shaders\renderer2D.glsl" />
  </ItemGroup>
  <ItemGroup>
    <ClCompile Include="src\gl\gl.cpp">
      <Filter>Source Files</Filter>
    </ClCompile>
    <ClCompile Include="src\console.cpp">
      <Filter>Source Files</Filter>
    </ClCompile>
    <ClCompile Include="src\convert.cpp">
      <Filter>Source Files</Filter>
    </ClCompile>
    <ClCompile Include="src\math.cpp">
      <Filter>Source Files</Filter>
    </ClCompile>
    <ClCompile Include="src\file.cpp">
      <Filter>Source Files</Filter>
    </ClCompile>
    <ClCompile Include="src\random.cpp">
      <Filter>Source Files</Filter>
    </ClCompile>
    <ClCompile Include="src\time.cpp">
      <Filter>Source Files</Filter>
    </ClCompile>
    <ClCompile Include="src\web.cpp">
      <Filter>Source Files</Filter>
    </ClCompile>
    <ClCompile Include="src\graphics\color.cpp">
      <Filter>Source Files</Filter>
    </ClCompile>
    <ClCompile Include="src\graphics\image.cpp">
      <Filter>Source Files</Filter>
    </ClCompile>
    <ClCompile Include="src\vecmath\ivec2.cpp">
      <Filter>Source Files</Filter>
    </ClCompile>
    <ClCompile Include="src\vecmath\vec2.cpp">
      <Filter>Source Files</Filter>
    </ClCompile>
    <ClCompile Include="src\vecmath\vec3.cpp">
      <Filter>Source Files</Filter>
    </ClCompile>
    <ClCompile Include="src\vecmath\vec4.cpp">
      <Filter>Source Files</Filter>
    </ClCompile>
    <ClCompile Include="src\renderer2D\vertex2D.cpp">
      <Filter>Source Files</Filter>
    </ClCompile>
    <ClCompile Include="src\renderer3D\vertex3D.cpp">
      <Filter>Source Files</Filter>
    </ClCompile>
    <ClCompile Include="src\vecmath\mat3.cpp">
      <Filter>Source Files</Filter>
    </ClCompile>
    <ClCompile Include="src\vecmath\triangle.cpp">
      <Filter>Source Files</Filter>
    </ClCompile>
    <ClCompile Include="src\vecmath\mat4.cpp">
      <Filter>Source Files</Filter>
    </ClCompile>
    <ClCompile Include="src\window\window.cpp">
      <Filter>Source Files</Filter>
    </ClCompile>
    <ClCompile Include="src\window\keys.cpp">
      <Filter>Source Files</Filter>
    </ClCompile>
    <ClCompile Include="src\window\mouse.cpp">
      <Filter>Source Files</Filter>
    </ClCompile>
    <ClCompile Include="src\gl\mesh.cpp">
      <Filter>Source Files</Filter>
    </ClCompile>
    <ClCompile Include="src\gl\glad.cpp">
      <Filter>Source Files</Filter>
    </ClCompile>
    <ClCompile Include="src\gl\shaders.cpp">
      <Filter>Source Files</Filter>
    </ClCompile>
    <ClCompile Include="src\gl\uniform.cpp">
      <Filter>Source Files</Filter>
    </ClCompile>
    <ClCompile Include="src\gl\texture.cpp">
      <Filter>Source Files</Filter>
    </ClCompile>
    <ClCompile Include="src\renderer2D\object2D.cpp">
      <Filter>Source Files</Filter>
    </ClCompile>
    <ClCompile Include="src\renderer2D\renderer2D.cpp">
      <Filter>Source Files</Filter>
    </ClCompile>
    <ClCompile Include="src\renderer3D\object3D.cpp">
      <Filter>Source Files</Filter>
    </ClCompile>
    <ClCompile Include="src\renderer3D\camera.cpp">
      <Filter>Source Files</Filter>
    </ClCompile>
    <ClCompile Include="src\renderer3D\skybox.cpp">
      <Filter>Source Files</Filter>
    </ClCompile>
    <ClCompile Include="src\renderer3D\light\ambient.cpp">
      <Filter>Source Files</Filter>
    </ClCompile>
    <ClCompile Include="src\renderer3D\light\direct.cpp">
      <Filter>Source Files</Filter>
    </ClCompile>
    <ClCompile Include="src\renderer3D\renderer3D.cpp">
      <Filter>Source Files</Filter>
    </ClCompile>
    <ClCompile Include="test\DirectX.cpp">
      <Filter>Source Files</Filter>
    </ClCompile>
    <ClCompile Include="src\dx\gpu.cpp">
      <Filter>Source Files</Filter>
    </ClCompile>
  </ItemGroup>
</Project>